
Microsoft Visual Studio Solution File, Format Version 12.00
# Visual Studio Version 16
VisualStudioVersion = 16.0.32630.194
MinimumVisualStudioVersion = 10.0.40219.1
Project("{FAE04EC0-301F-11D3-BF4B-00C04F79EFBC}") = "PassengerService", "PassengerService\PassengerService.csproj", "{CF29A94F-2AC5-495E-B6A8-DCDBF6036F21}"
EndProject
Project("{FAE04EC0-301F-11D3-BF4B-00C04F79EFBC}") = "DriverService", "DriverService\DriverService.csproj", "{B0E0E3B4-6FB3-4EDC-90E5-16BB65BF1A22}"
EndProject
Project("{FAE04EC0-301F-11D3-BF4B-00C04F79EFBC}") = "UberGateway", "UberGateway\UberGateway.csproj", "{0247C434-BD48-45B5-827D-DDA9AF265E20}"
EndProject
Global
	GlobalSection(SolutionConfigurationPlatforms) = preSolution
		Debug|Any CPU = Debug|Any CPU
		Release|Any CPU = Release|Any CPU
	EndGlobalSection
	GlobalSection(ProjectConfigurationPlatforms) = postSolution
		{CF29A94F-2AC5-495E-B6A8-DCDBF6036F21}.Debug|Any CPU.ActiveCfg = Debug|Any CPU
		{CF29A94F-2AC5-495E-B6A8-DCDBF6036F21}.Debug|Any CPU.Build.0 = Debug|Any CPU
		{CF29A94F-2AC5-495E-B6A8-DCDBF6036F21}.Release|Any CPU.ActiveCfg = Release|Any CPU
		{CF29A94F-2AC5-495E-B6A8-DCDBF6036F21}.Release|Any CPU.Build.0 = Release|Any CPU
		{B0E0E3B4-6FB3-4EDC-90E5-16BB65BF1A22}.Debug|Any CPU.ActiveCfg = Debug|Any CPU
		{B0E0E3B4-6FB3-4EDC-90E5-16BB65BF1A22}.Debug|Any CPU.Build.0 = Debug|Any CPU
		{B0E0E3B4-6FB3-4EDC-90E5-16BB65BF1A22}.Release|Any CPU.ActiveCfg = Release|Any CPU
		{B0E0E3B4-6FB3-4EDC-90E5-16BB65BF1A22}.Release|Any CPU.Build.0 = Release|Any CPU
		{0247C434-BD48-45B5-827D-DDA9AF265E20}.Debug|Any CPU.ActiveCfg = Debug|Any CPU
		{0247C434-BD48-45B5-827D-DDA9AF265E20}.Debug|Any CPU.Build.0 = Debug|Any CPU
		{0247C434-BD48-45B5-827D-DDA9AF265E20}.Release|Any CPU.ActiveCfg = Release|Any CPU
		{0247C434-BD48-45B5-827D-DDA9AF265E20}.Release|Any CPU.Build.0 = Release|Any CPU
	EndGlobalSection
	GlobalSection(SolutionProperties) = preSolution
		HideSolutionNode = FALSE
	EndGlobalSection
	GlobalSection(ExtensibilityGlobals) = postSolution
		SolutionGuid = {49164B12-7F46-488E-8AA9-0879D39E1217}
	EndGlobalSection
EndGlobal
